
Microsoft Visual Studio Solution File, Format Version 12.00
# Visual Studio Version 17
VisualStudioVersion = 17.5.33502.453
MinimumVisualStudioVersion = 10.0.40219.1
Project("{FAE04EC0-301F-11D3-BF4B-00C04F79EFBC}") = "SantaAPI", "SantaAPI\SantaAPI.csproj", "{C84D01EE-1DF0-4978-8B2B-29F891A42055}"
EndProject
Global
	GlobalSection(SolutionConfigurationPlatforms) = preSolution
		Debug|Any CPU = Debug|Any CPU
		Release|Any CPU = Release|Any CPU
	EndGlobalSection
	GlobalSection(ProjectConfigurationPlatforms) = postSolution
		{C84D01EE-1DF0-4978-8B2B-29F891A42055}.Debug|Any CPU.ActiveCfg = Debug|Any CPU
		{C84D01EE-1DF0-4978-8B2B-29F891A42055}.Debug|Any CPU.Build.0 = Debug|Any CPU
		{C84D01EE-1DF0-4978-8B2B-29F891A42055}.Release|Any CPU.ActiveCfg = Release|Any CPU
		{C84D01EE-1DF0-4978-8B2B-29F891A42055}.Release|Any CPU.Build.0 = Release|Any CPU
	EndGlobalSection
	GlobalSection(SolutionProperties) = preSolution
		HideSolutionNode = FALSE
	EndGlobalSection
	GlobalSection(ExtensibilityGlobals) = postSolution
		SolutionGuid = {806B2ED3-5AE5-4FC7-BCAD-C90BB125C999}
	EndGlobalSection
EndGlobal
